// !$*UTF8*$!
{
	archiveVersion = 1;
	classes = {
	};
	objectVersion = 46;
	objects = {

/* Begin PBXBuildFile section */
		9950E5AE1CB3BEFD00F13D63 /* main.m in Sources */ = {isa = PBXBuildFile; fileRef = 9950E5AD1CB3BEFD00F13D63 /* main.m */; };
		9950E5B11CB3BEFD00F13D63 /* AppDelegate.m in Sources */ = {isa = PBXBuildFile; fileRef = 9950E5B01CB3BEFD00F13D63 /* AppDelegate.m */; };
		9950E5B71CB3BEFD00F13D63 /* Main.storyboard in Resources */ = {isa = PBXBuildFile; fileRef = 9950E5B51CB3BEFD00F13D63 /* Main.storyboard */; };
		9950E5BA1CB3BEFD00F13D63 /* LifeAssistant.xcdatamodeld in Sources */ = {isa = PBXBuildFile; fileRef = 9950E5B81CB3BEFD00F13D63 /* LifeAssistant.xcdatamodeld */; };
		9950E5BC1CB3BEFD00F13D63 /* Assets.xcassets in Resources */ = {isa = PBXBuildFile; fileRef = 9950E5BB1CB3BEFD00F13D63 /* Assets.xcassets */; };
		9950E5BF1CB3BEFD00F13D63 /* LaunchScreen.storyboard in Resources */ = {isa = PBXBuildFile; fileRef = 9950E5BD1CB3BEFD00F13D63 /* LaunchScreen.storyboard */; };
		99745C801CB8E5FE0005D137 /* YFFleaMarketViewController.m in Sources */ = {isa = PBXBuildFile; fileRef = 99745C7F1CB8E5FE0005D137 /* YFFleaMarketViewController.m */; };
		99D7C0391CC65AAD007150C0 /* FMListViewController.m in Sources */ = {isa = PBXBuildFile; fileRef = 99D7C0381CC65AAD007150C0 /* FMListViewController.m */; };
		99D7C03C1CC65B41007150C0 /* FMListCell.m in Sources */ = {isa = PBXBuildFile; fileRef = 99D7C03B1CC65B41007150C0 /* FMListCell.m */; };
		99D7C03E1CC66582007150C0 /* FMListCell.xib in Resources */ = {isa = PBXBuildFile; fileRef = 99D7C03D1CC66582007150C0 /* FMListCell.xib */; };
		99D7C0491CC66E8B007150C0 /* FMDetailViewController.m in Sources */ = {isa = PBXBuildFile; fileRef = 99D7C0481CC66E8B007150C0 /* FMDetailViewController.m */; };
		99D7C04D1CC68669007150C0 /* FMDistributeViewController.m in Sources */ = {isa = PBXBuildFile; fileRef = 99D7C04C1CC68669007150C0 /* FMDistributeViewController.m */; };
		99D7C0511CC71AE7007150C0 /* YFMineViewController.m in Sources */ = {isa = PBXBuildFile; fileRef = 99D7C0501CC71AE7007150C0 /* YFMineViewController.m */; };
		99EDC0591CCB30FF0069A788 /* FMDisHeaderView.xib in Resources */ = {isa = PBXBuildFile; fileRef = 99EDC0581CCB30FF0069A788 /* FMDisHeaderView.xib */; };
		99EDC05F1CCB68370069A788 /* YFPhotoPickerView.m in Sources */ = {isa = PBXBuildFile; fileRef = 99EDC05E1CCB68370069A788 /* YFPhotoPickerView.m */; };
		99EDC0931CCCBBAA0069A788 /* UIViewController+PresentedVC.m in Sources */ = {isa = PBXBuildFile; fileRef = 99EDC0921CCCBBAA0069A788 /* UIViewController+PresentedVC.m */; };
/* End PBXBuildFile section */

/* Begin PBXFileReference section */
		9950E5A91CB3BEFC00F13D63 /* LifeAssistant.app */ = {isa = PBXFileReference; explicitFileType = wrapper.application; includeInIndex = 0; path = LifeAssistant.app; sourceTree = BUILT_PRODUCTS_DIR; };
		9950E5AD1CB3BEFD00F13D63 /* main.m */ = {isa = PBXFileReference; lastKnownFileType = sourcecode.c.objc; path = main.m; sourceTree = "<group>"; };
		9950E5AF1CB3BEFD00F13D63 /* AppDelegate.h */ = {isa = PBXFileReference; lastKnownFileType = sourcecode.c.h; path = AppDelegate.h; sourceTree = "<group>"; };
		9950E5B01CB3BEFD00F13D63 /* AppDelegate.m */ = {isa = PBXFileReference; lastKnownFileType = sourcecode.c.objc; path = AppDelegate.m; sourceTree = "<group>"; };
		9950E5B61CB3BEFD00F13D63 /* Base */ = {isa = PBXFileReference; lastKnownFileType = file.storyboard; name = Base; path = Base.lproj/Main.storyboard; sourceTree = "<group>"; };
		9950E5B91CB3BEFD00F13D63 /* LifeAssistant.xcdatamodel */ = {isa = PBXFileReference; lastKnownFileType = wrapper.xcdatamodel; path = LifeAssistant.xcdatamodel; sourceTree = "<group>"; };
		9950E5BB1CB3BEFD00F13D63 /* Assets.xcassets */ = {isa = PBXFileReference; lastKnownFileType = folder.assetcatalog; path = Assets.xcassets; sourceTree = "<group>"; };
		9950E5BE1CB3BEFD00F13D63 /* Base */ = {isa = PBXFileReference; lastKnownFileType = file.storyboard; name = Base; path = Base.lproj/LaunchScreen.storyboard; sourceTree = "<group>"; };
		9950E5C01CB3BEFD00F13D63 /* Info.plist */ = {isa = PBXFileReference; lastKnownFileType = text.plist.xml; path = Info.plist; sourceTree = "<group>"; };
		99745C7E1CB8E5FE0005D137 /* YFFleaMarketViewController.h */ = {isa = PBXFileReference; fileEncoding = 4; lastKnownFileType = sourcecode.c.h; path = YFFleaMarketViewController.h; sourceTree = "<group>"; };
		99745C7F1CB8E5FE0005D137 /* YFFleaMarketViewController.m */ = {isa = PBXFileReference; fileEncoding = 4; lastKnownFileType = sourcecode.c.objc; path = YFFleaMarketViewController.m; sourceTree = "<group>"; };
		99D7C0371CC65AAD007150C0 /* FMListViewController.h */ = {isa = PBXFileReference; fileEncoding = 4; lastKnownFileType = sourcecode.c.h; path = FMListViewController.h; sourceTree = "<group>"; };
		99D7C0381CC65AAD007150C0 /* FMListViewController.m */ = {isa = PBXFileReference; fileEncoding = 4; lastKnownFileType = sourcecode.c.objc; path = FMListViewController.m; sourceTree = "<group>"; };
		99D7C03A1CC65B41007150C0 /* FMListCell.h */ = {isa = PBXFileReference; fileEncoding = 4; lastKnownFileType = sourcecode.c.h; path = FMListCell.h; sourceTree = "<group>"; };
		99D7C03B1CC65B41007150C0 /* FMListCell.m */ = {isa = PBXFileReference; fileEncoding = 4; lastKnownFileType = sourcecode.c.objc; path = FMListCell.m; sourceTree = "<group>"; };
		99D7C03D1CC66582007150C0 /* FMListCell.xib */ = {isa = PBXFileReference; fileEncoding = 4; lastKnownFileType = file.xib; path = FMListCell.xib; sourceTree = "<group>"; };
		99D7C0441CC66CC5007150C0 /* Constants.h */ = {isa = PBXFileReference; lastKnownFileType = sourcecode.c.h; path = Constants.h; sourceTree = "<group>"; };
		99D7C0461CC66D2D007150C0 /* PrefixHeader.pch */ = {isa = PBXFileReference; fileEncoding = 4; lastKnownFileType = sourcecode.c.h; path = PrefixHeader.pch; sourceTree = "<group>"; };
		99D7C0471CC66E8B007150C0 /* FMDetailViewController.h */ = {isa = PBXFileReference; fileEncoding = 4; lastKnownFileType = sourcecode.c.h; path = FMDetailViewController.h; sourceTree = "<group>"; };
		99D7C0481CC66E8B007150C0 /* FMDetailViewController.m */ = {isa = PBXFileReference; fileEncoding = 4; lastKnownFileType = sourcecode.c.objc; path = FMDetailViewController.m; sourceTree = "<group>"; };
		99D7C04B1CC68669007150C0 /* FMDistributeViewController.h */ = {isa = PBXFileReference; fileEncoding = 4; lastKnownFileType = sourcecode.c.h; path = FMDistributeViewController.h; sourceTree = "<group>"; };
		99D7C04C1CC68669007150C0 /* FMDistributeViewController.m */ = {isa = PBXFileReference; fileEncoding = 4; lastKnownFileType = sourcecode.c.objc; path = FMDistributeViewController.m; sourceTree = "<group>"; };
		99D7C04F1CC71AE7007150C0 /* YFMineViewController.h */ = {isa = PBXFileReference; fileEncoding = 4; lastKnownFileType = sourcecode.c.h; path = YFMineViewController.h; sourceTree = "<group>"; };
		99D7C0501CC71AE7007150C0 /* YFMineViewController.m */ = {isa = PBXFileReference; fileEncoding = 4; lastKnownFileType = sourcecode.c.objc; path = YFMineViewController.m; sourceTree = "<group>"; };
		99EDC0581CCB30FF0069A788 /* FMDisHeaderView.xib */ = {isa = PBXFileReference; fileEncoding = 4; lastKnownFileType = file.xib; path = FMDisHeaderView.xib; sourceTree = "<group>"; };
		99EDC05D1CCB68370069A788 /* YFPhotoPickerView.h */ = {isa = PBXFileReference; fileEncoding = 4; lastKnownFileType = sourcecode.c.h; path = YFPhotoPickerView.h; sourceTree = "<group>"; };
		99EDC05E1CCB68370069A788 /* YFPhotoPickerView.m */ = {isa = PBXFileReference; fileEncoding = 4; lastKnownFileType = sourcecode.c.objc; path = YFPhotoPickerView.m; sourceTree = "<group>"; };
		99EDC0911CCCBBAA0069A788 /* UIViewController+PresentedVC.h */ = {isa = PBXFileReference; fileEncoding = 4; lastKnownFileType = sourcecode.c.h; path = "UIViewController+PresentedVC.h"; sourceTree = "<group>"; };
		99EDC0921CCCBBAA0069A788 /* UIViewController+PresentedVC.m */ = {isa = PBXFileReference; fileEncoding = 4; lastKnownFileType = sourcecode.c.objc; path = "UIViewController+PresentedVC.m"; sourceTree = "<group>"; };
/* End PBXFileReference section */

/* Begin PBXFrameworksBuildPhase section */
		9950E5A61CB3BEFC00F13D63 /* Frameworks */ = {
			isa = PBXFrameworksBuildPhase;
			buildActionMask = 2147483647;
			files = (
			);
			runOnlyForDeploymentPostprocessing = 0;
		};
/* End PBXFrameworksBuildPhase section */

/* Begin PBXGroup section */
		9950E5A01CB3BEFC00F13D63 = {
			isa = PBXGroup;
			children = (
				9950E5AB1CB3BEFD00F13D63 /* LifeAssistant */,
				9950E5AA1CB3BEFC00F13D63 /* Products */,
			);
			sourceTree = "<group>";
		};
		9950E5AA1CB3BEFC00F13D63 /* Products */ = {
			isa = PBXGroup;
			children = (
				9950E5A91CB3BEFC00F13D63 /* LifeAssistant.app */,
			);
			name = Products;
			sourceTree = "<group>";
		};
		9950E5AB1CB3BEFD00F13D63 /* LifeAssistant */ = {
			isa = PBXGroup;
			children = (
				99EDC0881CCCB3E90069A788 /* Utils */,
				99EDC05C1CCB68290069A788 /* View */,
				9950E5AF1CB3BEFD00F13D63 /* AppDelegate.h */,
				9950E5B01CB3BEFD00F13D63 /* AppDelegate.m */,
				9950E5B51CB3BEFD00F13D63 /* Main.storyboard */,
				99D7C0521CC71AFF007150C0 /* Mine */,
				99D7C04E1CC69423007150C0 /* FleaMarket */,
				9950E5BD1CB3BEFD00F13D63 /* LaunchScreen.storyboard */,
				9950E5B81CB3BEFD00F13D63 /* LifeAssistant.xcdatamodeld */,
				9950E5AC1CB3BEFD00F13D63 /* Supporting Files */,
			);
			path = LifeAssistant;
			sourceTree = "<group>";
		};
		9950E5AC1CB3BEFD00F13D63 /* Supporting Files */ = {
			isa = PBXGroup;
			children = (
				99D7C0441CC66CC5007150C0 /* Constants.h */,
				99D7C0461CC66D2D007150C0 /* PrefixHeader.pch */,
				9950E5AD1CB3BEFD00F13D63 /* main.m */,
				9950E5C01CB3BEFD00F13D63 /* Info.plist */,
				9950E5BB1CB3BEFD00F13D63 /* Assets.xcassets */,
			);
			name = "Supporting Files";
			sourceTree = "<group>";
		};
		99D7C04E1CC69423007150C0 /* FleaMarket */ = {
			isa = PBXGroup;
			children = (
				99745C7E1CB8E5FE0005D137 /* YFFleaMarketViewController.h */,
				99745C7F1CB8E5FE0005D137 /* YFFleaMarketViewController.m */,
				99D7C04B1CC68669007150C0 /* FMDistributeViewController.h */,
				99D7C04C1CC68669007150C0 /* FMDistributeViewController.m */,
				99EDC0581CCB30FF0069A788 /* FMDisHeaderView.xib */,
				99D7C0371CC65AAD007150C0 /* FMListViewController.h */,
				99D7C0381CC65AAD007150C0 /* FMListViewController.m */,
				99D7C0471CC66E8B007150C0 /* FMDetailViewController.h */,
				99D7C0481CC66E8B007150C0 /* FMDetailViewController.m */,
				99D7C03A1CC65B41007150C0 /* FMListCell.h */,
				99D7C03B1CC65B41007150C0 /* FMListCell.m */,
				99D7C03D1CC66582007150C0 /* FMListCell.xib */,
			);
			name = FleaMarket;
			sourceTree = "<group>";
		};
		99D7C0521CC71AFF007150C0 /* Mine */ = {
			isa = PBXGroup;
			children = (
				99D7C04F1CC71AE7007150C0 /* YFMineViewController.h */,
				99D7C0501CC71AE7007150C0 /* YFMineViewController.m */,
			);
			name = Mine;
			sourceTree = "<group>";
		};
		99EDC05C1CCB68290069A788 /* View */ = {
			isa = PBXGroup;
			children = (
				99EDC05D1CCB68370069A788 /* YFPhotoPickerView.h */,
				99EDC05E1CCB68370069A788 /* YFPhotoPickerView.m */,
			);
			name = View;
			sourceTree = "<group>";
		};
		99EDC0881CCCB3E90069A788 /* Utils */ = {
			isa = PBXGroup;
			children = (
				99EDC0911CCCBBAA0069A788 /* UIViewController+PresentedVC.h */,
				99EDC0921CCCBBAA0069A788 /* UIViewController+PresentedVC.m */,
			);
			name = Utils;
			sourceTree = "<group>";
		};
/* End PBXGroup section */

/* Begin PBXNativeTarget section */
		9950E5A81CB3BEFC00F13D63 /* LifeAssistant */ = {
			isa = PBXNativeTarget;
			buildConfigurationList = 9950E5C31CB3BEFD00F13D63 /* Build configuration list for PBXNativeTarget "LifeAssistant" */;
			buildPhases = (
				9950E5A51CB3BEFC00F13D63 /* Sources */,
				9950E5A61CB3BEFC00F13D63 /* Frameworks */,
				9950E5A71CB3BEFC00F13D63 /* Resources */,
			);
			buildRules = (
			);
			dependencies = (
			);
			name = LifeAssistant;
			productName = LifeAssistant;
			productReference = 9950E5A91CB3BEFC00F13D63 /* LifeAssistant.app */;
			productType = "com.apple.product-type.application";
		};
/* End PBXNativeTarget section */

/* Begin PBXProject section */
		9950E5A11CB3BEFC00F13D63 /* Project object */ = {
			isa = PBXProject;
			attributes = {
				LastUpgradeCheck = 0730;
				ORGANIZATIONNAME = zooyf;
				TargetAttributes = {
					9950E5A81CB3BEFC00F13D63 = {
						CreatedOnToolsVersion = 7.3;
					};
				};
			};
			buildConfigurationList = 9950E5A41CB3BEFC00F13D63 /* Build configuration list for PBXProject "LifeAssistant" */;
			compatibilityVersion = "Xcode 3.2";
			developmentRegion = English;
			hasScannedForEncodings = 0;
			knownRegions = (
				en,
				Base,
			);
			mainGroup = 9950E5A01CB3BEFC00F13D63;
			productRefGroup = 9950E5AA1CB3BEFC00F13D63 /* Products */;
			projectDirPath = "";
			projectRoot = "";
			targets = (
				9950E5A81CB3BEFC00F13D63 /* LifeAssistant */,
			);
		};
/* End PBXProject section */

/* Begin PBXResourcesBuildPhase section */
		9950E5A71CB3BEFC00F13D63 /* Resources */ = {
			isa = PBXResourcesBuildPhase;
			buildActionMask = 2147483647;
			files = (
				99EDC0591CCB30FF0069A788 /* FMDisHeaderView.xib in Resources */,
				9950E5BF1CB3BEFD00F13D63 /* LaunchScreen.storyboard in Resources */,
				9950E5BC1CB3BEFD00F13D63 /* Assets.xcassets in Resources */,
				99D7C03E1CC66582007150C0 /* FMListCell.xib in Resources */,
				9950E5B71CB3BEFD00F13D63 /* Main.storyboard in Resources */,
			);
			runOnlyForDeploymentPostprocessing = 0;
		};
/* End PBXResourcesBuildPhase section */

/* Begin PBXSourcesBuildPhase section */
		9950E5A51CB3BEFC00F13D63 /* Sources */ = {
			isa = PBXSourcesBuildPhase;
			buildActionMask = 2147483647;
			files = (
				99D7C0491CC66E8B007150C0 /* FMDetailViewController.m in Sources */,
				99D7C03C1CC65B41007150C0 /* FMListCell.m in Sources */,
				9950E5BA1CB3BEFD00F13D63 /* LifeAssistant.xcdatamodeld in Sources */,
				99745C801CB8E5FE0005D137 /* YFFleaMarketViewController.m in Sources */,
				99EDC05F1CCB68370069A788 /* YFPhotoPickerView.m in Sources */,
				99D7C0391CC65AAD007150C0 /* FMListViewController.m in Sources */,
				9950E5B11CB3BEFD00F13D63 /* AppDelegate.m in Sources */,
				99D7C04D1CC68669007150C0 /* FMDistributeViewController.m in Sources */,
				99D7C0511CC71AE7007150C0 /* YFMineViewController.m in Sources */,
				99EDC0931CCCBBAA0069A788 /* UIViewController+PresentedVC.m in Sources */,
				9950E5AE1CB3BEFD00F13D63 /* main.m in Sources */,
			);
			runOnlyForDeploymentPostprocessing = 0;
		};
/* End PBXSourcesBuildPhase section */

/* Begin PBXVariantGroup section */
		9950E5B51CB3BEFD00F13D63 /* Main.storyboard */ = {
			isa = PBXVariantGroup;
			children = (
				9950E5B61CB3BEFD00F13D63 /* Base */,
			);
			name = Main.storyboard;
			sourceTree = "<group>";
		};
		9950E5BD1CB3BEFD00F13D63 /* LaunchScreen.storyboard */ = {
			isa = PBXVariantGroup;
			children = (
				9950E5BE1CB3BEFD00F13D63 /* Base */,
			);
			name = LaunchScreen.storyboard;
			sourceTree = "<group>";
		};
/* End PBXVariantGroup section */

/* Begin XCBuildConfiguration section */
		9950E5C11CB3BEFD00F13D63 /* Debug */ = {
			isa = XCBuildConfiguration;
			buildSettings = {
				ALWAYS_SEARCH_USER_PATHS = NO;
				CLANG_ANALYZER_NONNULL = YES;
				CLANG_CXX_LANGUAGE_STANDARD = "gnu++0x";
				CLANG_CXX_LIBRARY = "libc++";
				CLANG_ENABLE_MODULES = YES;
				CLANG_ENABLE_OBJC_ARC = YES;
				CLANG_WARN_BOOL_CONVERSION = YES;
				CLANG_WARN_CONSTANT_CONVERSION = YES;
				CLANG_WARN_DIRECT_OBJC_ISA_USAGE = YES_ERROR;
				CLANG_WARN_EMPTY_BODY = YES;
				CLANG_WARN_ENUM_CONVERSION = YES;
				CLANG_WARN_INT_CONVERSION = YES;
				CLANG_WARN_OBJC_ROOT_CLASS = YES_ERROR;
				CLANG_WARN_UNREACHABLE_CODE = YES;
				CLANG_WARN__DUPLICATE_METHOD_MATCH = YES;
				"CODE_SIGN_IDENTITY[sdk=iphoneos*]" = "iPhone Developer";
				COPY_PHASE_STRIP = NO;
				DEBUG_INFORMATION_FORMAT = dwarf;
				ENABLE_STRICT_OBJC_MSGSEND = YES;
				ENABLE_TESTABILITY = YES;
				GCC_C_LANGUAGE_STANDARD = gnu99;
				GCC_DYNAMIC_NO_PIC = NO;
				GCC_NO_COMMON_BLOCKS = YES;
				GCC_OPTIMIZATION_LEVEL = 0;
				GCC_PREPROCESSOR_DEFINITIONS = (
					"DEBUG=1",
					"$(inherited)",
				);
				GCC_WARN_64_TO_32_BIT_CONVERSION = YES;
				GCC_WARN_ABOUT_RETURN_TYPE = YES_ERROR;
				GCC_WARN_UNDECLARED_SELECTOR = YES;
				GCC_WARN_UNINITIALIZED_AUTOS = YES_AGGRESSIVE;
				GCC_WARN_UNUSED_FUNCTION = YES;
				GCC_WARN_UNUSED_VARIABLE = YES;
				IPHONEOS_DEPLOYMENT_TARGET = 8.0;
				MTL_ENABLE_DEBUG_INFO = YES;
				ONLY_ACTIVE_ARCH = YES;
				SDKROOT = iphoneos;
			};
			name = Debug;
		};
		9950E5C21CB3BEFD00F13D63 /* Release */ = {
			isa = XCBuildConfiguration;
			buildSettings = {
				ALWAYS_SEARCH_USER_PATHS = NO;
				CLANG_ANALYZER_NONNULL = YES;
				CLANG_CXX_LANGUAGE_STANDARD = "gnu++0x";
				CLANG_CXX_LIBRARY = "libc++";
				CLANG_ENABLE_MODULES = YES;
				CLANG_ENABLE_OBJC_ARC = YES;
				CLANG_WARN_BOOL_CONVERSION = YES;
				CLANG_WARN_CONSTANT_CONVERSION = YES;
				CLANG_WARN_DIRECT_OBJC_ISA_USAGE = YES_ERROR;
				CLANG_WARN_EMPTY_BODY = YES;
				CLANG_WARN_ENUM_CONVERSION = YES;
				CLANG_WARN_INT_CONVERSION = YES;
				CLANG_WARN_OBJC_ROOT_CLASS = YES_ERROR;
				CLANG_WARN_UNREACHABLE_CODE = YES;
				CLANG_WARN__DUPLICATE_METHOD_MATCH = YES;
				"CODE_SIGN_IDENTITY[sdk=iphoneos*]" = "iPhone Developer";
				COPY_PHASE_STRIP = NO;
				DEBUG_INFORMATION_FORMAT = "dwarf-with-dsym";
				ENABLE_NS_ASSERTIONS = NO;
				ENABLE_STRICT_OBJC_MSGSEND = YES;
				GCC_C_LANGUAGE_STANDARD = gnu99;
				GCC_NO_COMMON_BLOCKS = YES;
				GCC_WARN_64_TO_32_BIT_CONVERSION = YES;
				GCC_WARN_ABOUT_RETURN_TYPE = YES_ERROR;
				GCC_WARN_UNDECLARED_SELECTOR = YES;
				GCC_WARN_UNINITIALIZED_AUTOS = YES_AGGRESSIVE;
				GCC_WARN_UNUSED_FUNCTION = YES;
				GCC_WARN_UNUSED_VARIABLE = YES;
				IPHONEOS_DEPLOYMENT_TARGET = 8.0;
				MTL_ENABLE_DEBUG_INFO = NO;
				SDKROOT = iphoneos;
				VALIDATE_PRODUCT = YES;
			};
			name = Release;
		};
		9950E5C41CB3BEFD00F13D63 /* Debug */ = {
			isa = XCBuildConfiguration;
			buildSettings = {
				ASSETCATALOG_COMPILER_APPICON_NAME = AppIcon;
				GCC_PRECOMPILE_PREFIX_HEADER = YES;
				GCC_PREFIX_HEADER = LifeAssistant/PrefixHeader.pch;
				INFOPLIST_FILE = LifeAssistant/Info.plist;
				LD_RUNPATH_SEARCH_PATHS = "$(inherited) @executable_path/Frameworks";
				PRODUCT_BUNDLE_IDENTIFIER = com.JasonYu.LifeAssistant;
				PRODUCT_NAME = "$(TARGET_NAME)";
			};
			name = Debug;
		};
		9950E5C51CB3BEFD00F13D63 /* Release */ = {
			isa = XCBuildConfiguration;
			buildSettings = {
				ASSETCATALOG_COMPILER_APPICON_NAME = AppIcon;
				GCC_PRECOMPILE_PREFIX_HEADER = YES;
				GCC_PREFIX_HEADER = LifeAssistant/PrefixHeader.pch;
				INFOPLIST_FILE = LifeAssistant/Info.plist;
				LD_RUNPATH_SEARCH_PATHS = "$(inherited) @executable_path/Frameworks";
				PRODUCT_BUNDLE_IDENTIFIER = com.JasonYu.LifeAssistant;
				PRODUCT_NAME = "$(TARGET_NAME)";
			};
			name = Release;
		};
/* End XCBuildConfiguration section */

/* Begin XCConfigurationList section */
		9950E5A41CB3BEFC00F13D63 /* Build configuration list for PBXProject "LifeAssistant" */ = {
			isa = XCConfigurationList;
			buildConfigurations = (
				9950E5C11CB3BEFD00F13D63 /* Debug */,
				9950E5C21CB3BEFD00F13D63 /* Release */,
			);
			defaultConfigurationIsVisible = 0;
			defaultConfigurationName = Release;
		};
		9950E5C31CB3BEFD00F13D63 /* Build configuration list for PBXNativeTarget "LifeAssistant" */ = {
			isa = XCConfigurationList;
			buildConfigurations = (
				9950E5C41CB3BEFD00F13D63 /* Debug */,
				9950E5C51CB3BEFD00F13D63 /* Release */,
			);
			defaultConfigurationIsVisible = 0;
			defaultConfigurationName = Release;
		};
/* End XCConfigurationList section */

/* Begin XCVersionGroup section */
		9950E5B81CB3BEFD00F13D63 /* LifeAssistant.xcdatamodeld */ = {
			isa = XCVersionGroup;
			children = (
				9950E5B91CB3BEFD00F13D63 /* LifeAssistant.xcdatamodel */,
			);
			currentVersion = 9950E5B91CB3BEFD00F13D63 /* LifeAssistant.xcdatamodel */;
			path = LifeAssistant.xcdatamodeld;
			sourceTree = "<group>";
			versionGroupType = wrapper.xcdatamodel;
		};
/* End XCVersionGroup section */
	};
	rootObject = 9950E5A11CB3BEFC00F13D63 /* Project object */;
}
